
Microsoft Visual Studio Solution File, Format Version 12.00
# Visual Studio Version 17
VisualStudioVersion = 17.5.33530.505
MinimumVisualStudioVersion = 10.0.40219.1
Project("{FAE04EC0-301F-11D3-BF4B-00C04F79EFBC}") = "BankApp.Presentation", "BankApp.Presentation.csproj", "{02AEDA03-BF92-4146-9783-82E16B880999}"
EndProject
Global
	GlobalSection(SolutionConfigurationPlatforms) = preSolution
		Debug|Any CPU = Debug|Any CPU
		Release|Any CPU = Release|Any CPU
	EndGlobalSection
	GlobalSection(ProjectConfigurationPlatforms) = postSolution
		{02AEDA03-BF92-4146-9783-82E16B880999}.Debug|Any CPU.ActiveCfg = Debug|Any CPU
		{02AEDA03-BF92-4146-9783-82E16B880999}.Debug|Any CPU.Build.0 = Debug|Any CPU
		{02AEDA03-BF92-4146-9783-82E16B880999}.Release|Any CPU.ActiveCfg = Release|Any CPU
		{02AEDA03-BF92-4146-9783-82E16B880999}.Release|Any CPU.Build.0 = Release|Any CPU
	EndGlobalSection
	GlobalSection(SolutionProperties) = preSolution
		HideSolutionNode = FALSE
	EndGlobalSection
	GlobalSection(ExtensibilityGlobals) = postSolution
		SolutionGuid = {00FF20C4-E160-46FF-9480-9EAD96DBE134}
	EndGlobalSection
EndGlobal
